<?xml version="1.0" encoding="utf-8"?>
<Project ToolsVersion="4.0" xmlns="http://schemas.microsoft.com/developer/msbuild/2003">
  <ItemGroup>
    <ClCompile Include="..\src\tools\compiler\arcturus.cpp" />
    <ClCompile Include="..\src\framework\core\pch.cpp" />
  </ItemGroup>
  <ItemGroup>
    <ClInclude Include="..\src\framework\core\pch.hpp" />
  </ItemGroup>
  <ItemGroup>
    <Filter Include="tools">
      <UniqueIdentifier>{7486693e-6a3e-431a-b467-a8a03a439cde}</UniqueIdentifier>
    </Filter>
    <Filter Include="tools\dsl">
      <UniqueIdentifier>{ea5cebaa-f455-42fd-a3a0-fb57d06c026d}</UniqueIdentifier>
    </Filter>
  </ItemGroup>
  <ItemGroup>
    <None Include="..\src\tools\dsl\packrat.py">
      <Filter>tools\dsl</Filter>
    </None>
  </ItemGroup>
</Project>