<?xml version="1.0" encoding="utf-8"?>
<Project ToolsVersion="4.0" xmlns="http://schemas.microsoft.com/developer/msbuild/2003">
  <ItemGroup>
    <Filter Include="framework">
      <UniqueIdentifier>{3b555e92-e58e-4b36-be36-981cf984818f}</UniqueIdentifier>
    </Filter>
    <Filter Include="tools">
      <UniqueIdentifier>{98ec8fb5-7726-49c1-a42e-72641b1fb519}</UniqueIdentifier>
    </Filter>
    <Filter Include="tests">
      <UniqueIdentifier>{c55b4cad-26ea-4129-990b-49e62fb7a149}</UniqueIdentifier>
    </Filter>
    <Filter Include="framework\frontend">
      <UniqueIdentifier>{85374d10-3801-4354-ae52-a7607eb69290}</UniqueIdentifier>
    </Filter>
    <Filter Include="framework\backend">
      <UniqueIdentifier>{e10b3559-254d-4b5d-8a7f-e9ccfec5aa0d}</UniqueIdentifier>
    </Filter>
    <Filter Include="framework\core">
      <UniqueIdentifier>{328c029f-e217-4d40-805a-2c7bdc2adbb8}</UniqueIdentifier>
    </Filter>
    <Filter Include="framework\controller">
      <UniqueIdentifier>{6f33b4fd-0b61-47b1-918d-bc6d298a32b2}</UniqueIdentifier>
    </Filter>
    <Filter Include="framework\symtable">
      <UniqueIdentifier>{c71d6524-b631-4832-9c9e-f004ed281dd7}</UniqueIdentifier>
    </Filter>
    <Filter Include="framework\backend\optimization">
      <UniqueIdentifier>{a7e328c4-7236-401d-8fe1-7e0377fb26c0}</UniqueIdentifier>
    </Filter>
    <Filter Include="framework\symtable\scope">
      <UniqueIdentifier>{72e1f63f-d9a0-4d75-80c0-971387e85ed4}</UniqueIdentifier>
    </Filter>
    <Filter Include="framework\frontend\fsa">
      <UniqueIdentifier>{dc2e62d8-2a74-417a-ab71-b075bc35b5d0}</UniqueIdentifier>
    </Filter>
    <Filter Include="framework\frontend\grammar">
      <UniqueIdentifier>{bc0e3d72-862b-40fb-baa3-8c229d922c29}</UniqueIdentifier>
    </Filter>
    <Filter Include="framework\frontend\lexical_analyzer">
      <UniqueIdentifier>{ac86ed98-6f9d-43ad-a706-5f7171a9d0e7}</UniqueIdentifier>
    </Filter>
    <Filter Include="framework\frontend\parser">
      <UniqueIdentifier>{8529242f-04a6-4a03-bf1b-84cd71afa261}</UniqueIdentifier>
    </Filter>
    <Filter Include="docs">
      <UniqueIdentifier>{6dec51ee-0859-4eb8-a202-08e255a4191d}</UniqueIdentifier>
    </Filter>
    <Filter Include="framework\ir">
      <UniqueIdentifier>{371660c3-605b-4cb7-8bc1-b60429da3a7e}</UniqueIdentifier>
    </Filter>
    <Filter Include="framework\content">
      <UniqueIdentifier>{123a11b0-ba77-48f3-9286-184512f8d45e}</UniqueIdentifier>
    </Filter>
    <Filter Include="arcturus">
      <UniqueIdentifier>{082352f7-7140-4771-819a-83c0ea757aef}</UniqueIdentifier>
    </Filter>
    <Filter Include="framework\frontend\type">
      <UniqueIdentifier>{4fc40a7c-4297-44f3-9e4f-88f26b0aeec4}</UniqueIdentifier>
    </Filter>
    <Filter Include="framework\frontend\semantics">
      <UniqueIdentifier>{8d284e7a-6e6f-4a9a-ad09-4f48320e162c}</UniqueIdentifier>
    </Filter>
    <Filter Include="framework\backend\codegen">
      <UniqueIdentifier>{c4651142-492b-47eb-be94-cee3b7efe20c}</UniqueIdentifier>
    </Filter>
    <Filter Include="framework\backend\codegen\amd64">
      <UniqueIdentifier>{ed48eebc-ce3c-4887-821c-196a86cf78c4}</UniqueIdentifier>
    </Filter>
    <Filter Include="arcturus\type">
      <UniqueIdentifier>{d4861b9b-eea3-4939-a6db-b858dcfd0387}</UniqueIdentifier>
    </Filter>
    <Filter Include="tools\dsl">
      <UniqueIdentifier>{94aea5ae-292c-4c8f-b1b9-71cbb0615e55}</UniqueIdentifier>
    </Filter>
  </ItemGroup>
  <ItemGroup>
    <ClInclude Include="..\src\framework\core\edge.hpp">
      <Filter>framework\core</Filter>
    </ClInclude>
    <ClInclude Include="..\src\framework\core\enum.hpp">
      <Filter>framework\core</Filter>
    </ClInclude>
    <ClInclude Include="..\src\framework\core\enumerate.hpp">
      <Filter>framework\core</Filter>
    </ClInclude>
    <ClInclude Include="..\src\framework\core\factory.hpp">
      <Filter>framework\core</Filter>
    </ClInclude>
    <ClInclude Include="..\src\framework\core\graph.hpp">
      <Filter>framework\core</Filter>
    </ClInclude>
    <ClInclude Include="..\src\framework\core\logger.hpp">
      <Filter>framework\core</Filter>
    </ClInclude>
    <ClInclude Include="..\src\framework\core\noncopyable.hpp">
      <Filter>framework\core</Filter>
    </ClInclude>
    <ClInclude Include="..\src\framework\core\pch.hpp">
      <Filter>framework\core</Filter>
    </ClInclude>
    <ClInclude Include="..\src\framework\core\singleton.hpp">
      <Filter>framework\core</Filter>
    </ClInclude>
    <ClInclude Include="..\src\framework\core\statistics.hpp">
      <Filter>framework\core</Filter>
    </ClInclude>
    <ClInclude Include="..\src\framework\core\status.hpp">
      <Filter>framework\core</Filter>
    </ClInclude>
    <ClInclude Include="..\src\framework\core\text.hpp">
      <Filter>framework\core</Filter>
    </ClInclude>
    <ClInclude Include="..\src\framework\core\tree.hpp">
      <Filter>framework\core</Filter>
    </ClInclude>
    <ClInclude Include="..\src\framework\core\unicode.hpp">
      <Filter>framework\core</Filter>
    </ClInclude>
    <ClInclude Include="..\src\framework\core\vertex.hpp">
      <Filter>framework\core</Filter>
    </ClInclude>
    <ClInclude Include="..\src\framework\core\visitable.hpp">
      <Filter>framework\core</Filter>
    </ClInclude>
    <ClInclude Include="..\src\framework\core\visitor.hpp">
      <Filter>framework\core</Filter>
    </ClInclude>
    <ClInclude Include="..\src\framework\core\configurator.hpp">
      <Filter>framework\core</Filter>
    </ClInclude>
    <ClInclude Include="..\src\framework\core\context.hpp">
      <Filter>framework\core</Filter>
    </ClInclude>
    <ClInclude Include="..\src\framework\core\counter.hpp">
      <Filter>framework\core</Filter>
    </ClInclude>
    <ClInclude Include="..\src\framework\core\dag.hpp">
      <Filter>framework\core</Filter>
    </ClInclude>
    <ClInclude Include="..\src\framework\core\diagnostics.hpp">
      <Filter>framework\core</Filter>
    </ClInclude>
    <ClInclude Include="..\src\framework\core\domain_helper.hpp">
      <Filter>framework\core</Filter>
    </ClInclude>
    <ClInclude Include="..\src\framework\core\timer.hpp">
      <Filter>framework\core</Filter>
    </ClInclude>
    <ClInclude Include="..\src\framework\content\file_data_provider.hpp">
      <Filter>framework\content</Filter>
    </ClInclude>
    <ClInclude Include="..\src\framework\content\string_data_provider.hpp">
      <Filter>framework\content</Filter>
    </ClInclude>
    <ClInclude Include="..\src\framework\content\content.hpp">
      <Filter>framework\content</Filter>
    </ClInclude>
    <ClInclude Include="..\src\framework\content\data_provider.hpp">
      <Filter>framework\content</Filter>
    </ClInclude>
    <ClInclude Include="..\src\framework\frontend\lexical_analyzer\lexical_content.hpp">
      <Filter>framework\frontend\lexical_analyzer</Filter>
    </ClInclude>
    <ClInclude Include="..\src\framework\frontend\lexical_analyzer\token.hpp">
      <Filter>framework\frontend\lexical_analyzer</Filter>
    </ClInclude>
    <ClInclude Include="..\src\framework\frontend\lexical_analyzer\lexical_analyzer.hpp">
      <Filter>framework\frontend\lexical_analyzer</Filter>
    </ClInclude>
    <ClInclude Include="..\src\framework\frontend\grammar\grammar_algorithm.hpp">
      <Filter>framework\frontend\grammar</Filter>
    </ClInclude>
    <ClInclude Include="..\src\framework\frontend\grammar\grammar_visualization.hpp">
      <Filter>framework\frontend\grammar</Filter>
    </ClInclude>
    <ClInclude Include="..\src\framework\frontend\grammar\rule.hpp">
      <Filter>framework\frontend\grammar</Filter>
    </ClInclude>
    <ClInclude Include="..\src\framework\frontend\grammar\symbol.hpp">
      <Filter>framework\frontend\grammar</Filter>
    </ClInclude>
    <ClInclude Include="..\src\framework\frontend\grammar\grammar.hpp">
      <Filter>framework\frontend\grammar</Filter>
    </ClInclude>
    <ClInclude Include="..\src\framework\frontend\fsa\fsa.hpp">
      <Filter>framework\frontend\fsa</Filter>
    </ClInclude>
    <ClInclude Include="..\src\framework\frontend\fsa\fsa_algorithm.hpp">
      <Filter>framework\frontend\fsa</Filter>
    </ClInclude>
    <ClInclude Include="..\src\framework\frontend\fsa\fsa_re.hpp">
      <Filter>framework\frontend\fsa</Filter>
    </ClInclude>
    <ClInclude Include="..\src\framework\frontend\fsa\fsa_state.hpp">
      <Filter>framework\frontend\fsa</Filter>
    </ClInclude>
    <ClInclude Include="..\src\framework\frontend\fsa\fsa_state_set.hpp">
      <Filter>framework\frontend\fsa</Filter>
    </ClInclude>
    <ClInclude Include="..\src\framework\frontend\fsa\fsa_transition.hpp">
      <Filter>framework\frontend\fsa</Filter>
    </ClInclude>
    <ClInclude Include="..\src\framework\frontend\fsa\fsa_visualization.hpp">
      <Filter>framework\frontend\fsa</Filter>
    </ClInclude>
    <ClInclude Include="..\src\framework\frontend\fsa\fsa_codegen.hpp">
      <Filter>framework\frontend\fsa</Filter>
    </ClInclude>
    <ClInclude Include="..\src\arcturus\arcturus_token.hpp">
      <Filter>arcturus</Filter>
    </ClInclude>
    <ClInclude Include="..\src\arcturus\arcturus_lexical_analyzer.hpp">
      <Filter>arcturus</Filter>
    </ClInclude>
    <ClInclude Include="..\src\arcturus\arcturus_parser.hpp">
      <Filter>arcturus</Filter>
    </ClInclude>
    <ClInclude Include="..\src\framework\frontend\parser\recursive_descent_parser.hpp">
      <Filter>framework\frontend\parser</Filter>
    </ClInclude>
    <ClInclude Include="..\src\framework\frontend\parser\parse_dag.hpp">
      <Filter>framework\frontend\parser</Filter>
    </ClInclude>
    <ClInclude Include="..\src\framework\frontend\parser\parse_tree.hpp">
      <Filter>framework\frontend\parser</Filter>
    </ClInclude>
    <ClInclude Include="..\src\framework\frontend\parser\parser.hpp">
      <Filter>framework\frontend\parser</Filter>
    </ClInclude>
    <ClInclude Include="..\src\framework\symtable\symbol_table.hpp">
      <Filter>framework\symtable</Filter>
    </ClInclude>
    <ClInclude Include="..\src\framework\symtable\symbol.hpp">
      <Filter>framework\symtable</Filter>
    </ClInclude>
    <ClInclude Include="..\src\framework\symtable\scope\scope.hpp">
      <Filter>framework\symtable\scope</Filter>
    </ClInclude>
    <ClInclude Include="..\src\framework\frontend\type\type.hpp">
      <Filter>framework\frontend\type</Filter>
    </ClInclude>
    <ClInclude Include="..\src\framework\controller\controller.hpp">
      <Filter>framework\controller</Filter>
    </ClInclude>
    <ClInclude Include="..\src\framework\ir\ir.hpp">
      <Filter>framework\ir</Filter>
    </ClInclude>
    <ClInclude Include="..\src\arcturus\arcturus_controller.hpp">
      <Filter>arcturus</Filter>
    </ClInclude>
    <ClInclude Include="..\src\arcturus\arcturus_parse_tree.hpp">
      <Filter>arcturus</Filter>
    </ClInclude>
    <ClInclude Include="..\src\arcturus\arcturus_parse_tree_variable.hpp">
      <Filter>arcturus</Filter>
    </ClInclude>
    <ClInclude Include="..\src\framework\frontend\semantics\semantics.hpp">
      <Filter>framework\frontend\semantics</Filter>
    </ClInclude>
    <ClInclude Include="..\src\framework\backend\codegen\activation_record.hpp">
      <Filter>framework\backend\codegen</Filter>
    </ClInclude>
    <ClInclude Include="..\src\framework\backend\codegen\amd64\activation_record_amd64.hpp">
      <Filter>framework\backend\codegen\amd64</Filter>
    </ClInclude>
    <ClInclude Include="..\src\framework\ir\control_flow_graph.hpp">
      <Filter>framework\ir</Filter>
    </ClInclude>
    <ClInclude Include="..\src\framework\ir\dag_tac_visitor.hpp">
      <Filter>framework\ir</Filter>
    </ClInclude>
    <ClInclude Include="..\src\framework\ir\ir_visitor.hpp">
      <Filter>framework\ir</Filter>
    </ClInclude>
    <ClInclude Include="..\src\framework\ir\ir_visualization.hpp">
      <Filter>framework\ir</Filter>
    </ClInclude>
    <ClInclude Include="..\src\framework\ir\quadruple.hpp">
      <Filter>framework\ir</Filter>
    </ClInclude>
    <ClInclude Include="..\src\framework\ir\ssa.hpp">
      <Filter>framework\ir</Filter>
    </ClInclude>
    <ClInclude Include="..\src\framework\ir\tree_tac_visitor.hpp">
      <Filter>framework\ir</Filter>
    </ClInclude>
    <ClInclude Include="..\src\framework\ir\basic_block.hpp">
      <Filter>framework\ir</Filter>
    </ClInclude>
    <ClInclude Include="..\src\framework\ir\code.hpp">
      <Filter>framework\ir</Filter>
    </ClInclude>
    <ClInclude Include="..\src\arcturus\arcturus_lexical_tools.hpp">
      <Filter>arcturus</Filter>
    </ClInclude>
    <ClInclude Include="..\src\framework\backend\codegen\codegen.hpp">
      <Filter>framework\backend\codegen</Filter>
    </ClInclude>
    <ClInclude Include="..\src\framework\frontend\parser\parse_tree_base.hpp">
      <Filter>framework\frontend\parser</Filter>
    </ClInclude>
    <ClInclude Include="..\src\framework\backend\optimization\pass.hpp">
      <Filter>framework\backend\optimization</Filter>
    </ClInclude>
    <ClInclude Include="..\src\arcturus\arcturus_configurator.hpp">
      <Filter>arcturus</Filter>
    </ClInclude>
    <ClInclude Include="..\src\arcturus\arcturus_type.hpp">
      <Filter>arcturus\type</Filter>
    </ClInclude>
    <ClInclude Include="..\src\arcturus\arcturus_scalar_type.hpp">
      <Filter>arcturus\type</Filter>
    </ClInclude>
    <ClInclude Include="..\src\arcturus\arcturus_array_type.hpp">
      <Filter>arcturus\type</Filter>
    </ClInclude>
    <ClInclude Include="..\src\arcturus\arcturus_struct_type.hpp">
      <Filter>arcturus\type</Filter>
    </ClInclude>
    <ClInclude Include="..\src\arcturus\arcturus_enum_type.hpp">
      <Filter>arcturus\type</Filter>
    </ClInclude>
    <ClInclude Include="..\src\arcturus\arcturus_func_type.hpp">
      <Filter>arcturus\type</Filter>
    </ClInclude>
    <ClInclude Include="..\src\arcturus\arcturus_symbol.hpp">
      <Filter>arcturus</Filter>
    </ClInclude>
    <ClInclude Include="..\src\framework\frontend\parser\parse_context.hpp">
      <Filter>framework\frontend\parser</Filter>
    </ClInclude>
    <ClInclude Include="..\src\arcturus\arcturus_parse_context.hpp">
      <Filter>arcturus</Filter>
    </ClInclude>
    <ClInclude Include="..\src\arcturus\arcturus_pass.hpp">
      <Filter>arcturus</Filter>
    </ClInclude>
    <ClInclude Include="..\src\arcturus\arcturus_quadruple.hpp">
      <Filter>arcturus</Filter>
    </ClInclude>
    <ClInclude Include="..\src\arcturus\arcturus_ir.hpp">
      <Filter>arcturus</Filter>
    </ClInclude>
    <ClInclude Include="..\src\arcturus\arcturus_control_flow_graph.hpp">
      <Filter>arcturus</Filter>
    </ClInclude>
    <ClInclude Include="..\src\framework\core\list.hpp">
      <Filter>framework\core</Filter>
    </ClInclude>
    <ClInclude Include="..\src\framework\frontend\parser\packrat_parser.hpp">
      <Filter>framework\frontend\parser</Filter>
    </ClInclude>
    <ClInclude Include="..\src\framework\core\dominator_vertex.hpp">
      <Filter>framework\core</Filter>
    </ClInclude>
    <ClInclude Include="..\src\framework\core\graph_algorithms.hpp">
      <Filter>framework\core</Filter>
    </ClInclude>
    <ClInclude Include="..\src\framework\core\bitset.hpp">
      <Filter>framework\core</Filter>
    </ClInclude>
    <ClInclude Include="..\src\framework\core\dominance_tree.hpp">
      <Filter>framework\core</Filter>
    </ClInclude>
    <ClInclude Include="..\src\arcturus\arcturus_ssa.hpp">
      <Filter>arcturus</Filter>
    </ClInclude>
    <ClInclude Include="..\src\arcturus\arcturus.hpp">
      <Filter>arcturus</Filter>
    </ClInclude>
    <ClInclude Include="..\src\framework\core\disjoint_sets.hpp">
      <Filter>framework\core</Filter>
    </ClInclude>
    <ClInclude Include="..\src\framework\ir\data_flow_analysis.hpp">
      <Filter>framework\ir</Filter>
    </ClInclude>
    <ClInclude Include="..\src\arcturus\arcturus_data_flow_analysis.hpp">
      <Filter>arcturus</Filter>
    </ClInclude>
  </ItemGroup>
  <ItemGroup>
    <ClCompile Include="..\src\framework\core\logger.cpp">
      <Filter>framework\core</Filter>
    </ClCompile>
    <ClCompile Include="..\src\framework\core\pch.cpp">
      <Filter>framework\core</Filter>
    </ClCompile>
    <ClCompile Include="..\src\framework\core\status.cpp">
      <Filter>framework\core</Filter>
    </ClCompile>
    <ClCompile Include="..\src\framework\core\text.cpp">
      <Filter>framework\core</Filter>
    </ClCompile>
    <ClCompile Include="..\src\framework\core\unicode.cpp">
      <Filter>framework\core</Filter>
    </ClCompile>
    <ClCompile Include="..\src\framework\core\domain_helper.cpp">
      <Filter>framework\core</Filter>
    </ClCompile>
    <ClCompile Include="..\src\framework\core\timer.cpp">
      <Filter>framework\core</Filter>
    </ClCompile>
    <ClCompile Include="..\src\framework\content\file_data_provider.cpp">
      <Filter>framework\content</Filter>
    </ClCompile>
    <ClCompile Include="..\src\framework\content\string_data_provider.cpp">
      <Filter>framework\content</Filter>
    </ClCompile>
    <ClCompile Include="..\src\framework\content\content.cpp">
      <Filter>framework\content</Filter>
    </ClCompile>
    <ClCompile Include="..\src\framework\frontend\lexical_analyzer\lexical_content.cpp">
      <Filter>framework\frontend\lexical_analyzer</Filter>
    </ClCompile>
    <ClCompile Include="..\src\framework\frontend\grammar\grammar_algorithm.cpp">
      <Filter>framework\frontend\grammar</Filter>
    </ClCompile>
    <ClCompile Include="..\src\framework\frontend\grammar\grammar_visualization.cpp">
      <Filter>framework\frontend\grammar</Filter>
    </ClCompile>
    <ClCompile Include="..\src\framework\frontend\grammar\rule.cpp">
      <Filter>framework\frontend\grammar</Filter>
    </ClCompile>
    <ClCompile Include="..\src\framework\frontend\grammar\symbol.cpp">
      <Filter>framework\frontend\grammar</Filter>
    </ClCompile>
    <ClCompile Include="..\src\framework\frontend\grammar\grammar.cpp">
      <Filter>framework\frontend\grammar</Filter>
    </ClCompile>
    <ClCompile Include="..\src\framework\frontend\fsa\fsa.cpp">
      <Filter>framework\frontend\fsa</Filter>
    </ClCompile>
    <ClCompile Include="..\src\framework\frontend\fsa\fsa_algorithm.cpp">
      <Filter>framework\frontend\fsa</Filter>
    </ClCompile>
    <ClCompile Include="..\src\framework\frontend\fsa\fsa_re.cpp">
      <Filter>framework\frontend\fsa</Filter>
    </ClCompile>
    <ClCompile Include="..\src\framework\frontend\fsa\fsa_state.cpp">
      <Filter>framework\frontend\fsa</Filter>
    </ClCompile>
    <ClCompile Include="..\src\framework\frontend\fsa\fsa_state_set.cpp">
      <Filter>framework\frontend\fsa</Filter>
    </ClCompile>
    <ClCompile Include="..\src\framework\frontend\fsa\fsa_transition.cpp">
      <Filter>framework\frontend\fsa</Filter>
    </ClCompile>
    <ClCompile Include="..\src\framework\frontend\fsa\fsa_visualization.cpp">
      <Filter>framework\frontend\fsa</Filter>
    </ClCompile>
    <ClCompile Include="..\src\framework\frontend\fsa\fsa_codegen.cpp">
      <Filter>framework\frontend\fsa</Filter>
    </ClCompile>
    <ClCompile Include="..\src\arcturus\arcturus_token.cpp">
      <Filter>arcturus</Filter>
    </ClCompile>
    <ClCompile Include="..\src\arcturus\arcturus_lexical_analyzer.cpp">
      <Filter>arcturus</Filter>
    </ClCompile>
    <ClCompile Include="..\src\arcturus\arcturus_parser.cpp">
      <Filter>arcturus</Filter>
    </ClCompile>
    <ClCompile Include="..\src\framework\backend\codegen\activation_record.cpp">
      <Filter>framework\backend\codegen</Filter>
    </ClCompile>
    <ClCompile Include="..\src\framework\backend\codegen\amd64\activation_record_amd64.cpp">
      <Filter>framework\backend\codegen\amd64</Filter>
    </ClCompile>
    <ClCompile Include="..\src\arcturus\arcturus_lexical_tools.cpp">
      <Filter>arcturus</Filter>
    </ClCompile>
    <ClCompile Include="..\src\framework\backend\codegen\codegen.cpp">
      <Filter>framework\backend\codegen</Filter>
    </ClCompile>
    <ClCompile Include="..\src\framework\core\tree.cpp">
      <Filter>framework\core</Filter>
    </ClCompile>
    <ClCompile Include="..\src\arcturus\arcturus_parse_tree.cpp">
      <Filter>arcturus</Filter>
    </ClCompile>
    <ClCompile Include="..\src\framework\core\dag.cpp">
      <Filter>framework\core</Filter>
    </ClCompile>
    <ClCompile Include="..\src\framework\backend\optimization\pass.cpp">
      <Filter>framework\backend\optimization</Filter>
    </ClCompile>
    <ClCompile Include="..\src\arcturus\arcturus_controller.cpp">
      <Filter>arcturus</Filter>
    </ClCompile>
    <ClCompile Include="..\src\arcturus\arcturus_configurator.cpp">
      <Filter>arcturus</Filter>
    </ClCompile>
    <ClCompile Include="..\src\framework\core\configurator.cpp">
      <Filter>framework\core</Filter>
    </ClCompile>
    <ClCompile Include="..\src\arcturus\arcturus_type.cpp">
      <Filter>arcturus\type</Filter>
    </ClCompile>
    <ClCompile Include="..\src\arcturus\arcturus_array_type.cpp">
      <Filter>arcturus\type</Filter>
    </ClCompile>
    <ClCompile Include="..\src\arcturus\arcturus_scalar_type.cpp">
      <Filter>arcturus\type</Filter>
    </ClCompile>
    <ClCompile Include="..\src\arcturus\arcturus_struct_type.cpp">
      <Filter>arcturus\type</Filter>
    </ClCompile>
    <ClCompile Include="..\src\arcturus\arcturus_enum_type.cpp">
      <Filter>arcturus\type</Filter>
    </ClCompile>
    <ClCompile Include="..\src\arcturus\arcturus_func_type.cpp">
      <Filter>arcturus\type</Filter>
    </ClCompile>
    <ClCompile Include="..\src\arcturus\arcturus_symbol.cpp">
      <Filter>arcturus</Filter>
    </ClCompile>
    <ClCompile Include="..\src\arcturus\arcturus_parse_context.cpp">
      <Filter>arcturus</Filter>
    </ClCompile>
    <ClCompile Include="..\src\arcturus\arcturus_pass.cpp">
      <Filter>arcturus</Filter>
    </ClCompile>
    <ClCompile Include="..\src\arcturus\arcturus_ir.cpp">
      <Filter>arcturus</Filter>
    </ClCompile>
    <ClCompile Include="..\src\arcturus\arcturus_control_flow_graph.cpp">
      <Filter>arcturus</Filter>
    </ClCompile>
    <ClCompile Include="..\src\framework\core\list.cpp">
      <Filter>framework\core</Filter>
    </ClCompile>
    <ClCompile Include="..\src\arcturus\arcturus_quadruple.cpp">
      <Filter>arcturus</Filter>
    </ClCompile>
    <ClCompile Include="..\src\arcturus\arcturus_ssa.cpp">
      <Filter>arcturus</Filter>
    </ClCompile>
    <ClCompile Include="..\src\framework\frontend\lexical_analyzer\token.cpp">
      <Filter>framework\frontend\lexical_analyzer</Filter>
    </ClCompile>
    <ClCompile Include="..\src\framework\frontend\lexical_analyzer\lexical_analyzer.cpp">
      <Filter>framework\frontend\lexical_analyzer</Filter>
    </ClCompile>
    <ClCompile Include="..\src\framework\symtable\symbol_table.cpp">
      <Filter>framework\symtable</Filter>
    </ClCompile>
    <ClCompile Include="..\src\framework\frontend\parser\parser.cpp">
      <Filter>framework\frontend\parser</Filter>
    </ClCompile>
    <ClCompile Include="..\src\framework\frontend\parser\recursive_descent_parser.cpp">
      <Filter>framework\frontend\parser</Filter>
    </ClCompile>
    <ClCompile Include="..\src\framework\frontend\parser\packrat_parser.cpp">
      <Filter>framework\frontend\parser</Filter>
    </ClCompile>
    <ClCompile Include="..\src\framework\frontend\semantics\semantics.cpp">
      <Filter>framework\frontend\semantics</Filter>
    </ClCompile>
    <ClCompile Include="..\src\arcturus\arcturus_data_flow_analysis.cpp">
      <Filter>arcturus</Filter>
    </ClCompile>
  </ItemGroup>
  <ItemGroup>
    <None Include="..\src\framework\frontend\type\type.inl">
      <Filter>framework\frontend\type</Filter>
    </None>
    <None Include="..\src\framework\ir\ir.inl">
      <Filter>framework\ir</Filter>
    </None>
    <None Include="..\src\framework\ir\ir_visualization.inl">
      <Filter>framework\ir</Filter>
    </None>
    <None Include="..\src\framework\ir\basic_block.inl">
      <Filter>framework\ir</Filter>
    </None>
    <None Include="..\src\tools\dsl\packrat.py">
      <Filter>tools\dsl</Filter>
    </None>
    <None Include="..\src\framework\ir\ssa.inl">
      <Filter>framework\ir</Filter>
    </None>
  </ItemGroup>
  <ItemGroup>
    <Text Include="..\docs\arcturus-grammar.dev.txt">
      <Filter>docs</Filter>
    </Text>
    <Text Include="..\docs\arcturus-grammar.txt">
      <Filter>docs</Filter>
    </Text>
  </ItemGroup>
  <ItemGroup>
    <MASM Include="..\src\framework\backend\codegen\amd64\masm.test.asm">
      <Filter>framework\backend\codegen\amd64</Filter>
    </MASM>
  </ItemGroup>
</Project>